// !$*UTF8*$!
{
	archiveVersion = 1;
	classes = {
	};
	objectVersion = 50;
	objects = {

/* Begin PBXBuildFile section */
		A989410124CA67BF00ADCBEB /* AppDelegate.swift in Sources */ = {isa = PBXBuildFile; fileRef = A989410024CA67BF00ADCBEB /* AppDelegate.swift */; };
		A989410324CA67BF00ADCBEB /* SceneDelegate.swift in Sources */ = {isa = PBXBuildFile; fileRef = A989410224CA67BF00ADCBEB /* SceneDelegate.swift */; };
		A989410524CA67BF00ADCBEB /* LoginViewController.swift in Sources */ = {isa = PBXBuildFile; fileRef = A989410424CA67BF00ADCBEB /* LoginViewController.swift */; };
		A989410824CA67BF00ADCBEB /* Main.storyboard in Resources */ = {isa = PBXBuildFile; fileRef = A989410624CA67BF00ADCBEB /* Main.storyboard */; };
		A989410A24CA67C500ADCBEB /* Assets.xcassets in Resources */ = {isa = PBXBuildFile; fileRef = A989410924CA67C500ADCBEB /* Assets.xcassets */; };
		A989410D24CA67C500ADCBEB /* LaunchScreen.storyboard in Resources */ = {isa = PBXBuildFile; fileRef = A989410B24CA67C500ADCBEB /* LaunchScreen.storyboard */; };
/* End PBXBuildFile section */

/* Begin PBXFileReference section */
		A98940FD24CA67BF00ADCBEB /* swiftproject.app */ = {isa = PBXFileReference; explicitFileType = wrapper.application; includeInIndex = 0; path = swiftproject.app; sourceTree = BUILT_PRODUCTS_DIR; };
		A989410024CA67BF00ADCBEB /* AppDelegate.swift */ = {isa = PBXFileReference; lastKnownFileType = sourcecode.swift; path = AppDelegate.swift; sourceTree = "<group>"; };
		A989410224CA67BF00ADCBEB /* SceneDelegate.swift */ = {isa = PBXFileReference; lastKnownFileType = sourcecode.swift; path = SceneDelegate.swift; sourceTree = "<group>"; };
		A989410424CA67BF00ADCBEB /* LoginViewController.swift */ = {isa = PBXFileReference; lastKnownFileType = sourcecode.swift; path = LoginViewController.swift; sourceTree = "<group>"; };
		A989410724CA67BF00ADCBEB /* Base */ = {isa = PBXFileReference; lastKnownFileType = file.storyboard; name = Base; path = Base.lproj/Main.storyboard; sourceTree = "<group>"; };
		A989410924CA67C500ADCBEB /* Assets.xcassets */ = {isa = PBXFileReference; lastKnownFileType = folder.assetcatalog; path = Assets.xcassets; sourceTree = "<group>"; };
		A989410C24CA67C500ADCBEB /* Base */ = {isa = PBXFileReference; lastKnownFileType = file.storyboard; name = Base; path = Base.lproj/LaunchScreen.storyboard; sourceTree = "<group>"; };
		A989410E24CA67C500ADCBEB /* Info.plist */ = {isa = PBXFileReference; lastKnownFileType = text.plist.xml; path = Info.plist; sourceTree = "<group>"; };
/* End PBXFileReference section */

/* Begin PBXFrameworksBuildPhase section */
		A98940FA24CA67BF00ADCBEB /* Frameworks */ = {
			isa = PBXFrameworksBuildPhase;
			buildActionMask = 2147483647;
			files = (
			);
			runOnlyForDeploymentPostprocessing = 0;
		};
/* End PBXFrameworksBuildPhase section */

/* Begin PBXGroup section */
		A98940F424CA67BF00ADCBEB = {
			isa = PBXGroup;
			children = (
				A98940FF24CA67BF00ADCBEB /* swiftproject */,
				A98940FE24CA67BF00ADCBEB /* Products */,
			);
			sourceTree = "<group>";
		};
		A98940FE24CA67BF00ADCBEB /* Products */ = {
			isa = PBXGroup;
			children = (
				A98940FD24CA67BF00ADCBEB /* swiftproject.app */,
			);
			name = Products;
			sourceTree = "<group>";
		};
		A98940FF24CA67BF00ADCBEB /* swiftproject */ = {
			isa = PBXGroup;
			children = (
				A989410024CA67BF00ADCBEB /* AppDelegate.swift */,
				A989410224CA67BF00ADCBEB /* SceneDelegate.swift */,
				A989410424CA67BF00ADCBEB /* LoginViewController.swift */,
				A989410624CA67BF00ADCBEB /* Main.storyboard */,
				A989410924CA67C500ADCBEB /* Assets.xcassets */,
				A989410B24CA67C500ADCBEB /* LaunchScreen.storyboard */,
				A989410E24CA67C500ADCBEB /* Info.plist */,
			);
			path = swiftproject;
			sourceTree = "<group>";
		};
/* End PBXGroup section */

/* Begin PBXNativeTarget section */
		A98940FC24CA67BF00ADCBEB /* swiftproject */ = {
			isa = PBXNativeTarget;
			buildConfigurationList = A989411124CA67C500ADCBEB /* Build configuration list for PBXNativeTarget "swiftproject" */;
			buildPhases = (
				A98940F924CA67BF00ADCBEB /* Sources */,
				A98940FA24CA67BF00ADCBEB /* Frameworks */,
				A98940FB24CA67BF00ADCBEB /* Resources */,
			);
			buildRules = (
			);
			dependencies = (
			);
			name = swiftproject;
			productName = swiftproject;
			productReference = A98940FD24CA67BF00ADCBEB /* swiftproject.app */;
			productType = "com.apple.product-type.application";
		};
/* End PBXNativeTarget section */

/* Begin PBXProject section */
		A98940F524CA67BF00ADCBEB /* Project object */ = {
			isa = PBXProject;
			attributes = {
				LastSwiftUpdateCheck = 1150;
				LastUpgradeCheck = 1150;
				ORGANIZATIONNAME = "Ambuj Bhog";
				TargetAttributes = {
					A98940FC24CA67BF00ADCBEB = {
						CreatedOnToolsVersion = 11.5;
					};
				};
			};
			buildConfigurationList = A98940F824CA67BF00ADCBEB /* Build configuration list for PBXProject "swiftproject" */;
			compatibilityVersion = "Xcode 9.3";
			developmentRegion = en;
			hasScannedForEncodings = 0;
			knownRegions = (
				en,
				Base,
			);
			mainGroup = A98940F424CA67BF00ADCBEB;
			productRefGroup = A98940FE24CA67BF00ADCBEB /* Products */;
			projectDirPath = "";
			projectRoot = "";
			targets = (
				A98940FC24CA67BF00ADCBEB /* swiftproject */,
			);
		};
/* End PBXProject section */

/* Begin PBXResourcesBuildPhase section */
		A98940FB24CA67BF00ADCBEB /* Resources */ = {
			isa = PBXResourcesBuildPhase;
			buildActionMask = 2147483647;
			files = (
				A989410D24CA67C500ADCBEB /* LaunchScreen.storyboard in Resources */,
				A989410A24CA67C500ADCBEB /* Assets.xcassets in Resources */,
				A989410824CA67BF00ADCBEB /* Main.storyboard in Resources */,
			);
			runOnlyForDeploymentPostprocessing = 0;
		};
/* End PBXResourcesBuildPhase section */

/* Begin PBXSourcesBuildPhase section */
		A98940F924CA67BF00ADCBEB /* Sources */ = {
			isa = PBXSourcesBuildPhase;
			buildActionMask = 2147483647;
			files = (
				A989410524CA67BF00ADCBEB /* LoginViewController.swift in Sources */,
				A989410124CA67BF00ADCBEB /* AppDelegate.swift in Sources */,
				A989410324CA67BF00ADCBEB /* SceneDelegate.swift in Sources */,
			);
			runOnlyForDeploymentPostprocessing = 0;
		};
/* End PBXSourcesBuildPhase section */

/* Begin PBXVariantGroup section */
		A989410624CA67BF00ADCBEB /* Main.storyboard */ = {
			isa = PBXVariantGroup;
			children = (
				A989410724CA67BF00ADCBEB /* Base */,
			);
			name = Main.storyboard;
			sourceTree = "<group>";
		};
		A989410B24CA67C500ADCBEB /* LaunchScreen.storyboard */ = {
			isa = PBXVariantGroup;
			children = (
				A989410C24CA67C500ADCBEB /* Base */,
			);
			name = LaunchScreen.storyboard;
			sourceTree = "<group>";
		};
/* End PBXVariantGroup section */

/* Begin XCBuildConfiguration section */
		A989410F24CA67C500ADCBEB /* Debug */ = {
			isa = XCBuildConfiguration;
			buildSettings = {
				ALWAYS_SEARCH_USER_PATHS = NO;
				CLANG_ANALYZER_NONNULL = YES;
				CLANG_ANALYZER_NUMBER_OBJECT_CONVERSION = YES_AGGRESSIVE;
				CLANG_CXX_LANGUAGE_STANDARD = "gnu++14";
				CLANG_CXX_LIBRARY = "libc++";
				CLANG_ENABLE_MODULES = YES;
				CLANG_ENABLE_OBJC_ARC = YES;
				CLANG_ENABLE_OBJC_WEAK = YES;
				CLANG_WARN_BLOCK_CAPTURE_AUTORELEASING = YES;
				CLANG_WARN_BOOL_CONVERSION = YES;
				CLANG_WARN_COMMA = YES;
				CLANG_WARN_CONSTANT_CONVERSION = YES;
				CLANG_WARN_DEPRECATED_OBJC_IMPLEMENTATIONS = YES;
				CLANG_WARN_DIRECT_OBJC_ISA_USAGE = YES_ERROR;
				CLANG_WARN_DOCUMENTATION_COMMENTS = YES;
				CLANG_WARN_EMPTY_BODY = YES;
				CLANG_WARN_ENUM_CONVERSION = YES;
				CLANG_WARN_INFINITE_RECURSION = YES;
				CLANG_WARN_INT_CONVERSION = YES;
				CLANG_WARN_NON_LITERAL_NULL_CONVERSION = YES;
				CLANG_WARN_OBJC_IMPLICIT_RETAIN_SELF = YES;
				CLANG_WARN_OBJC_LITERAL_CONVERSION = YES;
				CLANG_WARN_OBJC_ROOT_CLASS = YES_ERROR;
				CLANG_WARN_RANGE_LOOP_ANALYSIS = YES;
				CLANG_WARN_STRICT_PROTOTYPES = YES;
				CLANG_WARN_SUSPICIOUS_MOVE = YES;
				CLANG_WARN_UNGUARDED_AVAILABILITY = YES_AGGRESSIVE;
				CLANG_WARN_UNREACHABLE_CODE = YES;
				CLANG_WARN__DUPLICATE_METHOD_MATCH = YES;
				COPY_PHASE_STRIP = NO;
				DEBUG_INFORMATION_FORMAT = dwarf;
				ENABLE_STRICT_OBJC_MSGSEND = YES;
				ENABLE_TESTABILITY = YES;
				GCC_C_LANGUAGE_STANDARD = gnu11;
				GCC_DYNAMIC_NO_PIC = NO;
				GCC_NO_COMMON_BLOCKS = YES;
				GCC_OPTIMIZATION_LEVEL = 0;
				GCC_PREPROCESSOR_DEFINITIONS = (
					"DEBUG=1",
					"$(inherited)",
				);
				GCC_WARN_64_TO_32_BIT_CONVERSION = YES;
				GCC_WARN_ABOUT_RETURN_TYPE = YES_ERROR;
				GCC_WARN_UNDECLARED_SELECTOR = YES;
				GCC_WARN_UNINITIALIZED_AUTOS = YES_AGGRESSIVE;
				GCC_WARN_UNUSED_FUNCTION = YES;
				GCC_WARN_UNUSED_VARIABLE = YES;
				IPHONEOS_DEPLOYMENT_TARGET = 13.5;
				MTL_ENABLE_DEBUG_INFO = INCLUDE_SOURCE;
				MTL_FAST_MATH = YES;
				ONLY_ACTIVE_ARCH = YES;
				SDKROOT = iphoneos;
				SWIFT_ACTIVE_COMPILATION_CONDITIONS = DEBUG;
				SWIFT_OPTIMIZATION_LEVEL = "-Onone";
			};
			name = Debug;
		};
		A989411024CA67C500ADCBEB /* Release */ = {
			isa = XCBuildConfiguration;
			buildSettings = {
				ALWAYS_SEARCH_USER_PATHS = NO;
				CLANG_ANALYZER_NONNULL = YES;
				CLANG_ANALYZER_NUMBER_OBJECT_CONVERSION = YES_AGGRESSIVE;
				CLANG_CXX_LANGUAGE_STANDARD = "gnu++14";
				CLANG_CXX_LIBRARY = "libc++";
				CLANG_ENABLE_MODULES = YES;
				CLANG_ENABLE_OBJC_ARC = YES;
				CLANG_ENABLE_OBJC_WEAK = YES;
				CLANG_WARN_BLOCK_CAPTURE_AUTORELEASING = YES;
				CLANG_WARN_BOOL_CONVERSION = YES;
				CLANG_WARN_COMMA = YES;
				CLANG_WARN_CONSTANT_CONVERSION = YES;
				CLANG_WARN_DEPRECATED_OBJC_IMPLEMENTATIONS = YES;
				CLANG_WARN_DIRECT_OBJC_ISA_USAGE = YES_ERROR;
				CLANG_WARN_DOCUMENTATION_COMMENTS = YES;
				CLANG_WARN_EMPTY_BODY = YES;
				CLANG_WARN_ENUM_CONVERSION = YES;
				CLANG_WARN_INFINITE_RECURSION = YES;
				CLANG_WARN_INT_CONVERSION = YES;
				CLANG_WARN_NON_LITERAL_NULL_CONVERSION = YES;
				CLANG_WARN_OBJC_IMPLICIT_RETAIN_SELF = YES;
				CLANG_WARN_OBJC_LITERAL_CONVERSION = YES;
				CLANG_WARN_OBJC_ROOT_CLASS = YES_ERROR;
				CLANG_WARN_RANGE_LOOP_ANALYSIS = YES;
				CLANG_WARN_STRICT_PROTOTYPES = YES;
				CLANG_WARN_SUSPICIOUS_MOVE = YES;
				CLANG_WARN_UNGUARDED_AVAILABILITY = YES_AGGRESSIVE;
				CLANG_WARN_UNREACHABLE_CODE = YES;
				CLANG_WARN__DUPLICATE_METHOD_MATCH = YES;
				COPY_PHASE_STRIP = NO;
				DEBUG_INFORMATION_FORMAT = "dwarf-with-dsym";
				ENABLE_NS_ASSERTIONS = NO;
				ENABLE_STRICT_OBJC_MSGSEND = YES;
				GCC_C_LANGUAGE_STANDARD = gnu11;
				GCC_NO_COMMON_BLOCKS = YES;
				GCC_WARN_64_TO_32_BIT_CONVERSION = YES;
				GCC_WARN_ABOUT_RETURN_TYPE = YES_ERROR;
				GCC_WARN_UNDECLARED_SELECTOR = YES;
				GCC_WARN_UNINITIALIZED_AUTOS = YES_AGGRESSIVE;
				GCC_WARN_UNUSED_FUNCTION = YES;
				GCC_WARN_UNUSED_VARIABLE = YES;
				IPHONEOS_DEPLOYMENT_TARGET = 13.5;
				MTL_ENABLE_DEBUG_INFO = NO;
				MTL_FAST_MATH = YES;
				SDKROOT = iphoneos;
				SWIFT_COMPILATION_MODE = wholemodule;
				SWIFT_OPTIMIZATION_LEVEL = "-O";
				VALIDATE_PRODUCT = YES;
			};
			name = Release;
		};
		A989411224CA67C500ADCBEB /* Debug */ = {
			isa = XCBuildConfiguration;
			buildSettings = {
				ASSETCATALOG_COMPILER_APPICON_NAME = AppIcon;
				CODE_SIGN_STYLE = Automatic;
				INFOPLIST_FILE = swiftproject/Info.plist;
				LD_RUNPATH_SEARCH_PATHS = (
					"$(inherited)",
					"@executable_path/Frameworks",
				);
				PRODUCT_BUNDLE_IDENTIFIER = georgian.swiftproject;
				PRODUCT_NAME = "$(TARGET_NAME)";
				SWIFT_VERSION = 5.0;
				TARGETED_DEVICE_FAMILY = "1,2";
			};
			name = Debug;
		};
		A989411324CA67C500ADCBEB /* Release */ = {
			isa = XCBuildConfiguration;
			buildSettings = {
				ASSETCATALOG_COMPILER_APPICON_NAME = AppIcon;
				CODE_SIGN_STYLE = Automatic;
				INFOPLIST_FILE = swiftproject/Info.plist;
				LD_RUNPATH_SEARCH_PATHS = (
					"$(inherited)",
					"@executable_path/Frameworks",
				);
				PRODUCT_BUNDLE_IDENTIFIER = georgian.swiftproject;
				PRODUCT_NAME = "$(TARGET_NAME)";
				SWIFT_VERSION = 5.0;
				TARGETED_DEVICE_FAMILY = "1,2";
			};
			name = Release;
		};
/* End XCBuildConfiguration section */

/* Begin XCConfigurationList section */
		A98940F824CA67BF00ADCBEB /* Build configuration list for PBXProject "swiftproject" */ = {
			isa = XCConfigurationList;
			buildConfigurations = (
				A989410F24CA67C500ADCBEB /* Debug */,
				A989411024CA67C500ADCBEB /* Release */,
			);
			defaultConfigurationIsVisible = 0;
			defaultConfigurationName = Release;
		};
		A989411124CA67C500ADCBEB /* Build configuration list for PBXNativeTarget "swiftproject" */ = {
			isa = XCConfigurationList;
			buildConfigurations = (
				A989411224CA67C500ADCBEB /* Debug */,
				A989411324CA67C500ADCBEB /* Release */,
			);
			defaultConfigurationIsVisible = 0;
			defaultConfigurationName = Release;
		};
/* End XCConfigurationList section */
	};
	rootObject = A98940F524CA67BF00ADCBEB /* Project object */;
}
